lockfileVersion: '9.0'

settings:
  autoInstallPeers: true
  excludeLinksFromLockfile: false

importers:

  .:
    dependencies:
      prettier:
        specifier: 3.9.6
        version: 3.9.6
      prettier-plugin-toml:
        specifier: 2.0.6
        version: 2.0.6(prettier@3.9.6)

packages:

  '@taplo/core@0.2.0':
    resolution: {integrity: sha512-r8bl54Zj1In3QLkiW/ex694bVzpPJ9EhwqT9xkcUVODnVUGirdB1JTsmiIv0o1uwqZiwhi8xNnTOQBRQCpizrQ==}

  '@taplo/lib@0.5.0':
    resolution: {integrity: sha512-+xIqpQXJco3T+VGaTTwmhxLa51qpkQxCjRwezjFZgr+l21ExlywJFcDfTrNmL6lG6tqb0h8GyJKO3UPGPtSCWg==}

  prettier-plugin-toml@2.0.6:
    resolution: {integrity: sha512-12N/wBuHa9jd/KVy9pRP20NMKxQfQLMseQCt66lIbLaPLItvGUcSIryE1eZZMJ7loSws6Ig3M2Elc2EreNh76w==}
    engines: {node: '>=16.0.0'}
    peerDependencies:
      prettier: ^3.0.3

  prettier@3.9.6:
    resolution: {integrity: sha512-OpN0zzVdiaiAhxpuuj5efpIS4sY9j7bY6uR5mnj5yPzGkdkjNKSJeUThPb60Jw29QuAZgA4o+/iB49kFiaBX6g==}
    engines: {node: '>=14'}
    hasBin: true

snapshots:

  '@taplo/core@0.2.0': {}

  '@taplo/lib@0.5.0':
    dependencies:
      '@taplo/core': 0.2.0

  prettier-plugin-toml@2.0.6(prettier@3.9.6):
    dependencies:
      '@taplo/lib': 0.5.0
      prettier: 3.9.6

  prettier@3.9.6: {}
